
Microsoft Visual Studio Solution File, Format Version 12.00
# Visual Studio Version 16
VisualStudioVersion = 16.0.31005.135
MinimumVisualStudioVersion = 10.0.40219.1
Project("{FAE04EC0-301F-11D3-BF4B-00C04F79EFBC}") = "OOD_Labsheet3", "OOD_Labsheet3\OOD_Labsheet3.csproj", "{7FC0E618-5E8B-4396-9383-4273E3530C68}"
EndProject
Global
	GlobalSection(SolutionConfigurationPlatforms) = preSolution
		Debug|Any CPU = Debug|Any CPU
		Release|Any CPU = Release|Any CPU
	EndGlobalSection
	GlobalSection(ProjectConfigurationPlatforms) = postSolution
		{7FC0E618-5E8B-4396-9383-4273E3530C68}.Debug|Any CPU.ActiveCfg = Debug|Any CPU
		{7FC0E618-5E8B-4396-9383-4273E3530C68}.Debug|Any CPU.Build.0 = Debug|Any CPU
		{7FC0E618-5E8B-4396-9383-4273E3530C68}.Release|Any CPU.ActiveCfg = Release|Any CPU
		{7FC0E618-5E8B-4396-9383-4273E3530C68}.Release|Any CPU.Build.0 = Release|Any CPU
	EndGlobalSection
	GlobalSection(SolutionProperties) = preSolution
		HideSolutionNode = FALSE
	EndGlobalSection
	GlobalSection(ExtensibilityGlobals) = postSolution
		SolutionGuid = {5ECF38B2-02EB-485A-8119-34AAE59338D5}
	EndGlobalSection
EndGlobal
